
Microsoft Visual Studio Solution File, Format Version 12.00
Project("{FAE04EC0-301F-11D3-BF4B-00C04F79EFBC}") = "VoedselVerspillingWebApp", "VoedselVerspillingWebApp\VoedselVerspillingWebApp.csproj", "{51DE3925-4B67-4072-A554-6D7701668682}"
EndProject
Project("{2150E333-8FDC-42A3-9474-1A3956D46DE8}") = "Core", "Core", "{9FBBE06D-66A5-4BF1-8AD6-42370217BEFC}"
EndProject
Project("{FAE04EC0-301F-11D3-BF4B-00C04F79EFBC}") = "Core.Domain", "Core\Core.Domain\Core.Domain.csproj", "{DBBA679A-76EE-4D8A-9D8A-7D6072F2A718}"
EndProject
Project("{FAE04EC0-301F-11D3-BF4B-00C04F79EFBC}") = "DomainServices", "Core\DomainServices\DomainServices.csproj", "{36DBAA0C-523D-466A-83E3-371E37D9BC71}"
EndProject
Project("{FAE04EC0-301F-11D3-BF4B-00C04F79EFBC}") = "Persistence", "Persistence\Persistence.csproj", "{3E8692A0-67A9-4C3E-BE2D-67BFA2398A58}"
EndProject
Project("{2150E333-8FDC-42A3-9474-1A3956D46DE8}") = "Infrastructure", "Infrastructure", "{B1A920AF-1C3C-43CF-A184-63121DAB5387}"
EndProject
Project("{2150E333-8FDC-42A3-9474-1A3956D46DE8}") = "Presentation", "Presentation", "{330E3FB4-3042-44C7-A623-7B6D64A0D520}"
EndProject
Project("{FAE04EC0-301F-11D3-BF4B-00C04F79EFBC}") = "WebAPI", "WebAPI\WebAPI.csproj", "{161B65EB-E73E-470F-9C79-7044D8BC9F99}"
EndProject
Project("{FAE04EC0-301F-11D3-BF4B-00C04F79EFBC}") = "webappTests", "webappTests\webappTests.csproj", "{41FD12AF-4FE3-476B-90E3-3E3D135332AD}"
EndProject
Project("{FAE04EC0-301F-11D3-BF4B-00C04F79EFBC}") = "DomainTests", "Core\DomainTests\DomainTests.csproj", "{A4D8C0AB-DAC3-4275-8007-181577600174}"
EndProject
Project("{FAE04EC0-301F-11D3-BF4B-00C04F79EFBC}") = "PersistenceTest", "PersistenceTest\PersistenceTest.csproj", "{9BCF62B2-2E48-4FFD-B101-3801814E5FAB}"
EndProject
Project("{2150E333-8FDC-42A3-9474-1A3956D46DE8}") = "Service", "Service", "{AED1F527-3FDB-4401-9B9A-2DAB7F8A86C1}"
EndProject
Project("{FAE04EC0-301F-11D3-BF4B-00C04F79EFBC}") = "ApplicationServices", "ApplicationServices\ApplicationServices.csproj", "{92ED3381-0E51-4AFC-A2C4-895496B67CAE}"
EndProject
Project("{FAE04EC0-301F-11D3-BF4B-00C04F79EFBC}") = "ApplicationServicesTests", "ApplicationServicesTests\ApplicationServicesTests.csproj", "{41C43B67-6B5B-4933-87E7-67274A006338}"
EndProject
Global
	GlobalSection(SolutionConfigurationPlatforms) = preSolution
		Debug|Any CPU = Debug|Any CPU
		Release|Any CPU = Release|Any CPU
	EndGlobalSection
	GlobalSection(ProjectConfigurationPlatforms) = postSolution
		{51DE3925-4B67-4072-A554-6D7701668682}.Debug|Any CPU.ActiveCfg = Debug|Any CPU
		{51DE3925-4B67-4072-A554-6D7701668682}.Debug|Any CPU.Build.0 = Debug|Any CPU
		{51DE3925-4B67-4072-A554-6D7701668682}.Release|Any CPU.ActiveCfg = Release|Any CPU
		{51DE3925-4B67-4072-A554-6D7701668682}.Release|Any CPU.Build.0 = Release|Any CPU
		{DBBA679A-76EE-4D8A-9D8A-7D6072F2A718}.Debug|Any CPU.ActiveCfg = Debug|Any CPU
		{DBBA679A-76EE-4D8A-9D8A-7D6072F2A718}.Debug|Any CPU.Build.0 = Debug|Any CPU
		{DBBA679A-76EE-4D8A-9D8A-7D6072F2A718}.Release|Any CPU.ActiveCfg = Release|Any CPU
		{DBBA679A-76EE-4D8A-9D8A-7D6072F2A718}.Release|Any CPU.Build.0 = Release|Any CPU
		{36DBAA0C-523D-466A-83E3-371E37D9BC71}.Debug|Any CPU.ActiveCfg = Debug|Any CPU
		{36DBAA0C-523D-466A-83E3-371E37D9BC71}.Debug|Any CPU.Build.0 = Debug|Any CPU
		{36DBAA0C-523D-466A-83E3-371E37D9BC71}.Release|Any CPU.ActiveCfg = Release|Any CPU
		{36DBAA0C-523D-466A-83E3-371E37D9BC71}.Release|Any CPU.Build.0 = Release|Any CPU
		{3E8692A0-67A9-4C3E-BE2D-67BFA2398A58}.Debug|Any CPU.ActiveCfg = Debug|Any CPU
		{3E8692A0-67A9-4C3E-BE2D-67BFA2398A58}.Debug|Any CPU.Build.0 = Debug|Any CPU
		{3E8692A0-67A9-4C3E-BE2D-67BFA2398A58}.Release|Any CPU.ActiveCfg = Release|Any CPU
		{3E8692A0-67A9-4C3E-BE2D-67BFA2398A58}.Release|Any CPU.Build.0 = Release|Any CPU
		{161B65EB-E73E-470F-9C79-7044D8BC9F99}.Debug|Any CPU.ActiveCfg = Debug|Any CPU
		{161B65EB-E73E-470F-9C79-7044D8BC9F99}.Debug|Any CPU.Build.0 = Debug|Any CPU
		{161B65EB-E73E-470F-9C79-7044D8BC9F99}.Release|Any CPU.ActiveCfg = Release|Any CPU
		{161B65EB-E73E-470F-9C79-7044D8BC9F99}.Release|Any CPU.Build.0 = Release|Any CPU
		{41FD12AF-4FE3-476B-90E3-3E3D135332AD}.Debug|Any CPU.ActiveCfg = Debug|Any CPU
		{41FD12AF-4FE3-476B-90E3-3E3D135332AD}.Debug|Any CPU.Build.0 = Debug|Any CPU
		{41FD12AF-4FE3-476B-90E3-3E3D135332AD}.Release|Any CPU.ActiveCfg = Release|Any CPU
		{41FD12AF-4FE3-476B-90E3-3E3D135332AD}.Release|Any CPU.Build.0 = Release|Any CPU
		{A4D8C0AB-DAC3-4275-8007-181577600174}.Debug|Any CPU.ActiveCfg = Debug|Any CPU
		{A4D8C0AB-DAC3-4275-8007-181577600174}.Debug|Any CPU.Build.0 = Debug|Any CPU
		{A4D8C0AB-DAC3-4275-8007-181577600174}.Release|Any CPU.ActiveCfg = Release|Any CPU
		{A4D8C0AB-DAC3-4275-8007-181577600174}.Release|Any CPU.Build.0 = Release|Any CPU
		{9BCF62B2-2E48-4FFD-B101-3801814E5FAB}.Debug|Any CPU.ActiveCfg = Debug|Any CPU
		{9BCF62B2-2E48-4FFD-B101-3801814E5FAB}.Debug|Any CPU.Build.0 = Debug|Any CPU
		{9BCF62B2-2E48-4FFD-B101-3801814E5FAB}.Release|Any CPU.ActiveCfg = Release|Any CPU
		{9BCF62B2-2E48-4FFD-B101-3801814E5FAB}.Release|Any CPU.Build.0 = Release|Any CPU
		{92ED3381-0E51-4AFC-A2C4-895496B67CAE}.Debug|Any CPU.ActiveCfg = Debug|Any CPU
		{92ED3381-0E51-4AFC-A2C4-895496B67CAE}.Debug|Any CPU.Build.0 = Debug|Any CPU
		{92ED3381-0E51-4AFC-A2C4-895496B67CAE}.Release|Any CPU.ActiveCfg = Release|Any CPU
		{92ED3381-0E51-4AFC-A2C4-895496B67CAE}.Release|Any CPU.Build.0 = Release|Any CPU
		{41C43B67-6B5B-4933-87E7-67274A006338}.Debug|Any CPU.ActiveCfg = Debug|Any CPU
		{41C43B67-6B5B-4933-87E7-67274A006338}.Debug|Any CPU.Build.0 = Debug|Any CPU
		{41C43B67-6B5B-4933-87E7-67274A006338}.Release|Any CPU.ActiveCfg = Release|Any CPU
		{41C43B67-6B5B-4933-87E7-67274A006338}.Release|Any CPU.Build.0 = Release|Any CPU
	EndGlobalSection
	GlobalSection(NestedProjects) = preSolution
		{DBBA679A-76EE-4D8A-9D8A-7D6072F2A718} = {9FBBE06D-66A5-4BF1-8AD6-42370217BEFC}
		{3E8692A0-67A9-4C3E-BE2D-67BFA2398A58} = {B1A920AF-1C3C-43CF-A184-63121DAB5387}
		{51DE3925-4B67-4072-A554-6D7701668682} = {330E3FB4-3042-44C7-A623-7B6D64A0D520}
		{161B65EB-E73E-470F-9C79-7044D8BC9F99} = {330E3FB4-3042-44C7-A623-7B6D64A0D520}
		{41FD12AF-4FE3-476B-90E3-3E3D135332AD} = {330E3FB4-3042-44C7-A623-7B6D64A0D520}
		{A4D8C0AB-DAC3-4275-8007-181577600174} = {9FBBE06D-66A5-4BF1-8AD6-42370217BEFC}
		{9BCF62B2-2E48-4FFD-B101-3801814E5FAB} = {B1A920AF-1C3C-43CF-A184-63121DAB5387}
		{36DBAA0C-523D-466A-83E3-371E37D9BC71} = {9FBBE06D-66A5-4BF1-8AD6-42370217BEFC}
		{92ED3381-0E51-4AFC-A2C4-895496B67CAE} = {AED1F527-3FDB-4401-9B9A-2DAB7F8A86C1}
		{41C43B67-6B5B-4933-87E7-67274A006338} = {AED1F527-3FDB-4401-9B9A-2DAB7F8A86C1}
	EndGlobalSection
EndGlobal
