
Microsoft Visual Studio Solution File, Format Version 12.00
Project("{FAE04EC0-301F-11D3-BF4B-00C04F79EFBC}") = "VoedselVerspillingWebApp", "VoedselVerspillingWebApp\VoedselVerspillingWebApp.csproj", "{51DE3925-4B67-4072-A554-6D7701668682}"
EndProject
Project("{2150E333-8FDC-42A3-9474-1A3956D46DE8}") = "Core", "Core", "{9FBBE06D-66A5-4BF1-8AD6-42370217BEFC}"
EndProject
Project("{FAE04EC0-301F-11D3-BF4B-00C04F79EFBC}") = "Core.Domain", "Core\Core.Domain\Core.Domain.csproj", "{DBBA679A-76EE-4D8A-9D8A-7D6072F2A718}"
EndProject
Project("{FAE04EC0-301F-11D3-BF4B-00C04F79EFBC}") = "Services", "Core\Services\Services.csproj", "{36DBAA0C-523D-466A-83E3-371E37D9BC71}"
EndProject
Project("{FAE04EC0-301F-11D3-BF4B-00C04F79EFBC}") = "Persistence", "Persistence\Persistence.csproj", "{3E8692A0-67A9-4C3E-BE2D-67BFA2398A58}"
EndProject
Project("{2150E333-8FDC-42A3-9474-1A3956D46DE8}") = "Service", "Service", "{E3542270-2DCB-4033-955F-9DA90F974427}"
EndProject
Project("{2150E333-8FDC-42A3-9474-1A3956D46DE8}") = "Infrastructure", "Infrastructure", "{B1A920AF-1C3C-43CF-A184-63121DAB5387}"
EndProject
Project("{2150E333-8FDC-42A3-9474-1A3956D46DE8}") = "Presentation", "Presentation", "{330E3FB4-3042-44C7-A623-7B6D64A0D520}"
EndProject
Project("{FAE04EC0-301F-11D3-BF4B-00C04F79EFBC}") = "WebAPI", "WebAPI\WebAPI.csproj", "{161B65EB-E73E-470F-9C79-7044D8BC9F99}"
EndProject
Global
	GlobalSection(SolutionConfigurationPlatforms) = preSolution
		Debug|Any CPU = Debug|Any CPU
		Release|Any CPU = Release|Any CPU
	EndGlobalSection
	GlobalSection(ProjectConfigurationPlatforms) = postSolution
		{51DE3925-4B67-4072-A554-6D7701668682}.Debug|Any CPU.ActiveCfg = Debug|Any CPU
		{51DE3925-4B67-4072-A554-6D7701668682}.Debug|Any CPU.Build.0 = Debug|Any CPU
		{51DE3925-4B67-4072-A554-6D7701668682}.Release|Any CPU.ActiveCfg = Release|Any CPU
		{51DE3925-4B67-4072-A554-6D7701668682}.Release|Any CPU.Build.0 = Release|Any CPU
		{DBBA679A-76EE-4D8A-9D8A-7D6072F2A718}.Debug|Any CPU.ActiveCfg = Debug|Any CPU
		{DBBA679A-76EE-4D8A-9D8A-7D6072F2A718}.Debug|Any CPU.Build.0 = Debug|Any CPU
		{DBBA679A-76EE-4D8A-9D8A-7D6072F2A718}.Release|Any CPU.ActiveCfg = Release|Any CPU
		{DBBA679A-76EE-4D8A-9D8A-7D6072F2A718}.Release|Any CPU.Build.0 = Release|Any CPU
		{36DBAA0C-523D-466A-83E3-371E37D9BC71}.Debug|Any CPU.ActiveCfg = Debug|Any CPU
		{36DBAA0C-523D-466A-83E3-371E37D9BC71}.Debug|Any CPU.Build.0 = Debug|Any CPU
		{36DBAA0C-523D-466A-83E3-371E37D9BC71}.Release|Any CPU.ActiveCfg = Release|Any CPU
		{36DBAA0C-523D-466A-83E3-371E37D9BC71}.Release|Any CPU.Build.0 = Release|Any CPU
		{3E8692A0-67A9-4C3E-BE2D-67BFA2398A58}.Debug|Any CPU.ActiveCfg = Debug|Any CPU
		{3E8692A0-67A9-4C3E-BE2D-67BFA2398A58}.Debug|Any CPU.Build.0 = Debug|Any CPU
		{3E8692A0-67A9-4C3E-BE2D-67BFA2398A58}.Release|Any CPU.ActiveCfg = Release|Any CPU
		{3E8692A0-67A9-4C3E-BE2D-67BFA2398A58}.Release|Any CPU.Build.0 = Release|Any CPU
		{161B65EB-E73E-470F-9C79-7044D8BC9F99}.Debug|Any CPU.ActiveCfg = Debug|Any CPU
		{161B65EB-E73E-470F-9C79-7044D8BC9F99}.Debug|Any CPU.Build.0 = Debug|Any CPU
		{161B65EB-E73E-470F-9C79-7044D8BC9F99}.Release|Any CPU.ActiveCfg = Release|Any CPU
		{161B65EB-E73E-470F-9C79-7044D8BC9F99}.Release|Any CPU.Build.0 = Release|Any CPU
	EndGlobalSection
	GlobalSection(NestedProjects) = preSolution
		{DBBA679A-76EE-4D8A-9D8A-7D6072F2A718} = {9FBBE06D-66A5-4BF1-8AD6-42370217BEFC}
		{3E8692A0-67A9-4C3E-BE2D-67BFA2398A58} = {B1A920AF-1C3C-43CF-A184-63121DAB5387}
		{51DE3925-4B67-4072-A554-6D7701668682} = {330E3FB4-3042-44C7-A623-7B6D64A0D520}
		{36DBAA0C-523D-466A-83E3-371E37D9BC71} = {E3542270-2DCB-4033-955F-9DA90F974427}
		{161B65EB-E73E-470F-9C79-7044D8BC9F99} = {330E3FB4-3042-44C7-A623-7B6D64A0D520}
	EndGlobalSection
EndGlobal
